
Microsoft Visual Studio Solution File, Format Version 12.00
Project("{FAE04EC0-301F-11D3-BF4B-00C04F79EFBC}") = "Teepz.Web.Api", "Teepz.Web.Api\Teepz.Web.Api.csproj", "{B3F02D26-63E8-404D-8DC4-9CDB62E330D4}"
EndProject
Project("{FAE04EC0-301F-11D3-BF4B-00C04F79EFBC}") = "Teepz.UnitTests", "Teepz.UnitTests\Teepz.UnitTests.csproj", "{E1DDE08C-BE89-4B0F-BC4C-A59DB3AEC76B}"
EndProject
Global
	GlobalSection(SolutionConfigurationPlatforms) = preSolution
		Debug|Any CPU = Debug|Any CPU
		Release|Any CPU = Release|Any CPU
	EndGlobalSection
	GlobalSection(ProjectConfigurationPlatforms) = postSolution
		{B3F02D26-63E8-404D-8DC4-9CDB62E330D4}.Debug|Any CPU.ActiveCfg = Debug|Any CPU
		{B3F02D26-63E8-404D-8DC4-9CDB62E330D4}.Debug|Any CPU.Build.0 = Debug|Any CPU
		{B3F02D26-63E8-404D-8DC4-9CDB62E330D4}.Release|Any CPU.ActiveCfg = Release|Any CPU
		{B3F02D26-63E8-404D-8DC4-9CDB62E330D4}.Release|Any CPU.Build.0 = Release|Any CPU
		{E1DDE08C-BE89-4B0F-BC4C-A59DB3AEC76B}.Debug|Any CPU.ActiveCfg = Debug|Any CPU
		{E1DDE08C-BE89-4B0F-BC4C-A59DB3AEC76B}.Debug|Any CPU.Build.0 = Debug|Any CPU
		{E1DDE08C-BE89-4B0F-BC4C-A59DB3AEC76B}.Release|Any CPU.ActiveCfg = Release|Any CPU
		{E1DDE08C-BE89-4B0F-BC4C-A59DB3AEC76B}.Release|Any CPU.Build.0 = Release|Any CPU
	EndGlobalSection
EndGlobal
